// !$*UTF8*$!
{
	archiveVersion = 1;
	classes = {
	};
	objectVersion = 50;
	objects = {

/* Begin PBXBuildFile section */
		7C2759362643F4EA00BB4557 /* LinkedListCycle.swift in Sources */ = {isa = PBXBuildFile; fileRef = 7C2759352643F4EA00BB4557 /* LinkedListCycle.swift */; };
		7C275939264401DA00BB4557 /* BinarySearch.swift in Sources */ = {isa = PBXBuildFile; fileRef = 7C275938264401DA00BB4557 /* BinarySearch.swift */; };
		7C6EC469264AF04000719C52 /* BestTimeToBuyAndSellStockII.swift in Sources */ = {isa = PBXBuildFile; fileRef = 7C6EC468264AF04000719C52 /* BestTimeToBuyAndSellStockII.swift */; };
		7C7DF8D2260264240001F7BE /* ReverseLinkedList.swift in Sources */ = {isa = PBXBuildFile; fileRef = 7C7DF8D1260264240001F7BE /* ReverseLinkedList.swift */; };
		7C86FB9F26298EA500A6D969 /* LongestCommonPrefix.swift in Sources */ = {isa = PBXBuildFile; fileRef = 7C86FB9E26298EA500A6D969 /* LongestCommonPrefix.swift */; };
		7C86FBAB262B2F3300A6D969 /* AddBinary.swift in Sources */ = {isa = PBXBuildFile; fileRef = 7C86FBAA262B2F3300A6D969 /* AddBinary.swift */; };
		7CADA056262D928900CDBD57 /* String+Index.swift in Sources */ = {isa = PBXBuildFile; fileRef = 7CADA055262D928800CDBD57 /* String+Index.swift */; };
		7CBA9AF1264FFCD800553CC5 /* NumberOfIslands.swift in Sources */ = {isa = PBXBuildFile; fileRef = 7CBA9AF0264FFCD800553CC5 /* NumberOfIslands.swift */; };
		7CBA9AF426500FF100553CC5 /* Search2dMatrix.swift in Sources */ = {isa = PBXBuildFile; fileRef = 7CBA9AF326500FF100553CC5 /* Search2dMatrix.swift */; };
		7CC979D92639FE03000D5A43 /* ValidAnagram.swift in Sources */ = {isa = PBXBuildFile; fileRef = 7CC979D82639FE03000D5A43 /* ValidAnagram.swift */; };
		7CC979DF263A054B000D5A43 /* SquaresOfSortedArray.swift in Sources */ = {isa = PBXBuildFile; fileRef = 7CC979DE263A054B000D5A43 /* SquaresOfSortedArray.swift */; };
		7CCA5CC7257134BD00F53CF2 /* AppDelegate.swift in Sources */ = {isa = PBXBuildFile; fileRef = 7CCA5CC6257134BD00F53CF2 /* AppDelegate.swift */; };
		7CCA5CC9257134BD00F53CF2 /* SceneDelegate.swift in Sources */ = {isa = PBXBuildFile; fileRef = 7CCA5CC8257134BD00F53CF2 /* SceneDelegate.swift */; };
		7CCA5CCB257134BD00F53CF2 /* ViewController.swift in Sources */ = {isa = PBXBuildFile; fileRef = 7CCA5CCA257134BD00F53CF2 /* ViewController.swift */; };
		7CCA5CCE257134BD00F53CF2 /* Main.storyboard in Resources */ = {isa = PBXBuildFile; fileRef = 7CCA5CCC257134BD00F53CF2 /* Main.storyboard */; };
		7CCA5CD0257134C000F53CF2 /* Assets.xcassets in Resources */ = {isa = PBXBuildFile; fileRef = 7CCA5CCF257134C000F53CF2 /* Assets.xcassets */; };
		7CCA5CD3257134C000F53CF2 /* LaunchScreen.storyboard in Resources */ = {isa = PBXBuildFile; fileRef = 7CCA5CD1257134C000F53CF2 /* LaunchScreen.storyboard */; };
		7CCA5CDE257134C100F53CF2 /* leetcodeTests.swift in Sources */ = {isa = PBXBuildFile; fileRef = 7CCA5CDD257134C100F53CF2 /* leetcodeTests.swift */; };
		7CCA5CE9257134C100F53CF2 /* leetcodeUITests.swift in Sources */ = {isa = PBXBuildFile; fileRef = 7CCA5CE8257134C100F53CF2 /* leetcodeUITests.swift */; };
		7CCA5CFE2571398500F53CF2 /* MaximumDepthOfBinaryTree.swift in Sources */ = {isa = PBXBuildFile; fileRef = 7CCA5CFD2571398500F53CF2 /* MaximumDepthOfBinaryTree.swift */; };
		7CCF66C22634A4E6007B6816 /* FirstUniqueCharacterInString.swift in Sources */ = {isa = PBXBuildFile; fileRef = 7CCF66C12634A4E6007B6816 /* FirstUniqueCharacterInString.swift */; };
		7CCF66CD2635B8AB007B6816 /* RomanToInteger.swift in Sources */ = {isa = PBXBuildFile; fileRef = 7CCF66CC2635B8AB007B6816 /* RomanToInteger.swift */; };
		7CE354642603EBC100AE39B1 /* ValidParentheses.swift in Sources */ = {isa = PBXBuildFile; fileRef = 7CE354632603EBC100AE39B1 /* ValidParentheses.swift */; };
		7CE55868264C5F32009EC351 /* BalancedBinaryTree.swift in Sources */ = {isa = PBXBuildFile; fileRef = 7CE55867264C5F32009EC351 /* BalancedBinaryTree.swift */; };
		7CE7527A25FD5DD5005F0B63 /* TwoSum.swift in Sources */ = {isa = PBXBuildFile; fileRef = 7CE7527925FD5DD5005F0B63 /* TwoSum.swift */; };
		7CE7528025FE33B4005F0B63 /* BestTimeToBuyAndSellStock.swift in Sources */ = {isa = PBXBuildFile; fileRef = 7CE7527F25FE33B4005F0B63 /* BestTimeToBuyAndSellStock.swift */; };
		7CE7528C25FE5DB8005F0B63 /* VerifyingAnAlienDictionary.swift in Sources */ = {isa = PBXBuildFile; fileRef = 7CE7528B25FE5DB8005F0B63 /* VerifyingAnAlienDictionary.swift */; };
		7CF095AF25713B5300E48F1E /* SingleNumber.swift in Sources */ = {isa = PBXBuildFile; fileRef = 7CF095AE25713B5300E48F1E /* SingleNumber.swift */; };
		7CF0E01B26497C5D005396A2 /* GuessNumberHigherOrLower.swift in Sources */ = {isa = PBXBuildFile; fileRef = 7CF0E01A26497C5D005396A2 /* GuessNumberHigherOrLower.swift */; };
		7CF0E01F2649A13F005396A2 /* SameTree.swift in Sources */ = {isa = PBXBuildFile; fileRef = 7CF0E01E2649A13F005396A2 /* SameTree.swift */; };
		7CF0E0222649CFFD005396A2 /* SymmetricTree.swift in Sources */ = {isa = PBXBuildFile; fileRef = 7CF0E0212649CFFD005396A2 /* SymmetricTree.swift */; };
		7CFFAE0E26247728006F8364 /* MergeSortedArray.swift in Sources */ = {isa = PBXBuildFile; fileRef = 7CFFAE0D26247728006F8364 /* MergeSortedArray.swift */; };
/* End PBXBuildFile section */

/* Begin PBXContainerItemProxy section */
		7CCA5CDA257134C100F53CF2 /* PBXContainerItemProxy */ = {
			isa = PBXContainerItemProxy;
			containerPortal = 7CCA5CBB257134BD00F53CF2 /* Project object */;
			proxyType = 1;
			remoteGlobalIDString = 7CCA5CC2257134BD00F53CF2;
			remoteInfo = leetcode;
		};
		7CCA5CE5257134C100F53CF2 /* PBXContainerItemProxy */ = {
			isa = PBXContainerItemProxy;
			containerPortal = 7CCA5CBB257134BD00F53CF2 /* Project object */;
			proxyType = 1;
			remoteGlobalIDString = 7CCA5CC2257134BD00F53CF2;
			remoteInfo = leetcode;
		};
/* End PBXContainerItemProxy section */

/* Begin PBXFileReference section */
		7C2759352643F4EA00BB4557 /* LinkedListCycle.swift */ = {isa = PBXFileReference; lastKnownFileType = sourcecode.swift; path = LinkedListCycle.swift; sourceTree = "<group>"; };
		7C275938264401DA00BB4557 /* BinarySearch.swift */ = {isa = PBXFileReference; lastKnownFileType = sourcecode.swift; path = BinarySearch.swift; sourceTree = "<group>"; };
		7C6EC468264AF04000719C52 /* BestTimeToBuyAndSellStockII.swift */ = {isa = PBXFileReference; lastKnownFileType = sourcecode.swift; path = BestTimeToBuyAndSellStockII.swift; sourceTree = "<group>"; };
		7C7DF8D1260264240001F7BE /* ReverseLinkedList.swift */ = {isa = PBXFileReference; lastKnownFileType = sourcecode.swift; path = ReverseLinkedList.swift; sourceTree = "<group>"; };
		7C86FB9E26298EA500A6D969 /* LongestCommonPrefix.swift */ = {isa = PBXFileReference; lastKnownFileType = sourcecode.swift; path = LongestCommonPrefix.swift; sourceTree = "<group>"; };
		7C86FBAA262B2F3300A6D969 /* AddBinary.swift */ = {isa = PBXFileReference; lastKnownFileType = sourcecode.swift; path = AddBinary.swift; sourceTree = "<group>"; };
		7CADA055262D928800CDBD57 /* String+Index.swift */ = {isa = PBXFileReference; lastKnownFileType = sourcecode.swift; path = "String+Index.swift"; sourceTree = "<group>"; };
		7CBA9AF0264FFCD800553CC5 /* NumberOfIslands.swift */ = {isa = PBXFileReference; lastKnownFileType = sourcecode.swift; path = NumberOfIslands.swift; sourceTree = "<group>"; };
		7CBA9AF326500FF100553CC5 /* Search2dMatrix.swift */ = {isa = PBXFileReference; lastKnownFileType = sourcecode.swift; path = Search2dMatrix.swift; sourceTree = "<group>"; };
		7CC979D82639FE03000D5A43 /* ValidAnagram.swift */ = {isa = PBXFileReference; lastKnownFileType = sourcecode.swift; path = ValidAnagram.swift; sourceTree = "<group>"; };
		7CC979DE263A054B000D5A43 /* SquaresOfSortedArray.swift */ = {isa = PBXFileReference; lastKnownFileType = sourcecode.swift; path = SquaresOfSortedArray.swift; sourceTree = "<group>"; };
		7CCA5CC3257134BD00F53CF2 /* leetcode.app */ = {isa = PBXFileReference; explicitFileType = wrapper.application; includeInIndex = 0; path = leetcode.app; sourceTree = BUILT_PRODUCTS_DIR; };
		7CCA5CC6257134BD00F53CF2 /* AppDelegate.swift */ = {isa = PBXFileReference; lastKnownFileType = sourcecode.swift; path = AppDelegate.swift; sourceTree = "<group>"; };
		7CCA5CC8257134BD00F53CF2 /* SceneDelegate.swift */ = {isa = PBXFileReference; lastKnownFileType = sourcecode.swift; path = SceneDelegate.swift; sourceTree = "<group>"; };
		7CCA5CCA257134BD00F53CF2 /* ViewController.swift */ = {isa = PBXFileReference; lastKnownFileType = sourcecode.swift; path = ViewController.swift; sourceTree = "<group>"; };
		7CCA5CCD257134BD00F53CF2 /* Base */ = {isa = PBXFileReference; lastKnownFileType = file.storyboard; name = Base; path = Base.lproj/Main.storyboard; sourceTree = "<group>"; };
		7CCA5CCF257134C000F53CF2 /* Assets.xcassets */ = {isa = PBXFileReference; lastKnownFileType = folder.assetcatalog; path = Assets.xcassets; sourceTree = "<group>"; };
		7CCA5CD2257134C000F53CF2 /* Base */ = {isa = PBXFileReference; lastKnownFileType = file.storyboard; name = Base; path = Base.lproj/LaunchScreen.storyboard; sourceTree = "<group>"; };
		7CCA5CD4257134C000F53CF2 /* Info.plist */ = {isa = PBXFileReference; lastKnownFileType = text.plist.xml; path = Info.plist; sourceTree = "<group>"; };
		7CCA5CD9257134C100F53CF2 /* leetcodeTests.xctest */ = {isa = PBXFileReference; explicitFileType = wrapper.cfbundle; includeInIndex = 0; path = leetcodeTests.xctest; sourceTree = BUILT_PRODUCTS_DIR; };
		7CCA5CDD257134C100F53CF2 /* leetcodeTests.swift */ = {isa = PBXFileReference; lastKnownFileType = sourcecode.swift; path = leetcodeTests.swift; sourceTree = "<group>"; };
		7CCA5CDF257134C100F53CF2 /* Info.plist */ = {isa = PBXFileReference; lastKnownFileType = text.plist.xml; path = Info.plist; sourceTree = "<group>"; };
		7CCA5CE4257134C100F53CF2 /* leetcodeUITests.xctest */ = {isa = PBXFileReference; explicitFileType = wrapper.cfbundle; includeInIndex = 0; path = leetcodeUITests.xctest; sourceTree = BUILT_PRODUCTS_DIR; };
		7CCA5CE8257134C100F53CF2 /* leetcodeUITests.swift */ = {isa = PBXFileReference; lastKnownFileType = sourcecode.swift; path = leetcodeUITests.swift; sourceTree = "<group>"; };
		7CCA5CEA257134C100F53CF2 /* Info.plist */ = {isa = PBXFileReference; lastKnownFileType = text.plist.xml; path = Info.plist; sourceTree = "<group>"; };
		7CCA5CFD2571398500F53CF2 /* MaximumDepthOfBinaryTree.swift */ = {isa = PBXFileReference; lastKnownFileType = sourcecode.swift; path = MaximumDepthOfBinaryTree.swift; sourceTree = "<group>"; };
		7CCF66C12634A4E6007B6816 /* FirstUniqueCharacterInString.swift */ = {isa = PBXFileReference; lastKnownFileType = sourcecode.swift; path = FirstUniqueCharacterInString.swift; sourceTree = "<group>"; };
		7CCF66CC2635B8AB007B6816 /* RomanToInteger.swift */ = {isa = PBXFileReference; lastKnownFileType = sourcecode.swift; path = RomanToInteger.swift; sourceTree = "<group>"; };
		7CE354632603EBC100AE39B1 /* ValidParentheses.swift */ = {isa = PBXFileReference; lastKnownFileType = sourcecode.swift; path = ValidParentheses.swift; sourceTree = "<group>"; };
		7CE55867264C5F32009EC351 /* BalancedBinaryTree.swift */ = {isa = PBXFileReference; lastKnownFileType = sourcecode.swift; path = BalancedBinaryTree.swift; sourceTree = "<group>"; };
		7CE7527925FD5DD5005F0B63 /* TwoSum.swift */ = {isa = PBXFileReference; lastKnownFileType = sourcecode.swift; path = TwoSum.swift; sourceTree = "<group>"; };
		7CE7527F25FE33B4005F0B63 /* BestTimeToBuyAndSellStock.swift */ = {isa = PBXFileReference; lastKnownFileType = sourcecode.swift; path = BestTimeToBuyAndSellStock.swift; sourceTree = "<group>"; };
		7CE7528B25FE5DB8005F0B63 /* VerifyingAnAlienDictionary.swift */ = {isa = PBXFileReference; lastKnownFileType = sourcecode.swift; path = VerifyingAnAlienDictionary.swift; sourceTree = "<group>"; };
		7CF095AE25713B5300E48F1E /* SingleNumber.swift */ = {isa = PBXFileReference; lastKnownFileType = sourcecode.swift; path = SingleNumber.swift; sourceTree = "<group>"; };
		7CF0E01A26497C5D005396A2 /* GuessNumberHigherOrLower.swift */ = {isa = PBXFileReference; lastKnownFileType = sourcecode.swift; path = GuessNumberHigherOrLower.swift; sourceTree = "<group>"; };
		7CF0E01E2649A13F005396A2 /* SameTree.swift */ = {isa = PBXFileReference; lastKnownFileType = sourcecode.swift; path = SameTree.swift; sourceTree = "<group>"; };
		7CF0E0212649CFFD005396A2 /* SymmetricTree.swift */ = {isa = PBXFileReference; lastKnownFileType = sourcecode.swift; path = SymmetricTree.swift; sourceTree = "<group>"; };
		7CFFAE0D26247728006F8364 /* MergeSortedArray.swift */ = {isa = PBXFileReference; lastKnownFileType = sourcecode.swift; path = MergeSortedArray.swift; sourceTree = "<group>"; };
/* End PBXFileReference section */

/* Begin PBXFrameworksBuildPhase section */
		7CCA5CC0257134BD00F53CF2 /* Frameworks */ = {
			isa = PBXFrameworksBuildPhase;
			buildActionMask = 2147483647;
			files = (
			);
			runOnlyForDeploymentPostprocessing = 0;
		};
		7CCA5CD6257134C100F53CF2 /* Frameworks */ = {
			isa = PBXFrameworksBuildPhase;
			buildActionMask = 2147483647;
			files = (
			);
			runOnlyForDeploymentPostprocessing = 0;
		};
		7CCA5CE1257134C100F53CF2 /* Frameworks */ = {
			isa = PBXFrameworksBuildPhase;
			buildActionMask = 2147483647;
			files = (
			);
			runOnlyForDeploymentPostprocessing = 0;
		};
/* End PBXFrameworksBuildPhase section */

/* Begin PBXGroup section */
		7C2759342643F49D00BB4557 /* #141 */ = {
			isa = PBXGroup;
			children = (
				7C2759352643F4EA00BB4557 /* LinkedListCycle.swift */,
			);
			path = "#141";
			sourceTree = "<group>";
		};
		7C275937264401C700BB4557 /* #704 */ = {
			isa = PBXGroup;
			children = (
				7C275938264401DA00BB4557 /* BinarySearch.swift */,
			);
			path = "#704";
			sourceTree = "<group>";
		};
		7C6EC467264AF02000719C52 /* #122 */ = {
			isa = PBXGroup;
			children = (
				7C6EC468264AF04000719C52 /* BestTimeToBuyAndSellStockII.swift */,
			);
			path = "#122";
			sourceTree = "<group>";
		};
		7C7DF8D02602640B0001F7BE /* #206 */ = {
			isa = PBXGroup;
			children = (
				7C7DF8D1260264240001F7BE /* ReverseLinkedList.swift */,
			);
			path = "#206";
			sourceTree = "<group>";
		};
		7C86FB9D26298E9000A6D969 /* #14 */ = {
			isa = PBXGroup;
			children = (
				7C86FB9E26298EA500A6D969 /* LongestCommonPrefix.swift */,
			);
			path = "#14";
			sourceTree = "<group>";
		};
		7C86FBA9262B2F1300A6D969 /* #67 */ = {
			isa = PBXGroup;
			children = (
				7C86FBAA262B2F3300A6D969 /* AddBinary.swift */,
			);
			path = "#67";
			sourceTree = "<group>";
		};
		7CBA9AEF264FFCBE00553CC5 /* #200 */ = {
			isa = PBXGroup;
			children = (
				7CBA9AF0264FFCD800553CC5 /* NumberOfIslands.swift */,
			);
			path = "#200";
			sourceTree = "<group>";
		};
		7CBA9AF226500FBE00553CC5 /* #74 */ = {
			isa = PBXGroup;
			children = (
				7CBA9AF326500FF100553CC5 /* Search2dMatrix.swift */,
			);
			path = "#74";
			sourceTree = "<group>";
		};
		7CC979D72639FDEB000D5A43 /* #242 */ = {
			isa = PBXGroup;
			children = (
				7CC979D82639FE03000D5A43 /* ValidAnagram.swift */,
			);
			path = "#242";
			sourceTree = "<group>";
		};
		7CC979DD263A052C000D5A43 /* #977 */ = {
			isa = PBXGroup;
			children = (
				7CC979DE263A054B000D5A43 /* SquaresOfSortedArray.swift */,
			);
			path = "#977";
			sourceTree = "<group>";
		};
		7CCA5CBA257134BD00F53CF2 = {
			isa = PBXGroup;
			children = (
				7CCA5CC5257134BD00F53CF2 /* leetcode */,
				7CCA5CDC257134C100F53CF2 /* leetcodeTests */,
				7CCA5CE7257134C100F53CF2 /* leetcodeUITests */,
				7CCA5CC4257134BD00F53CF2 /* Products */,
			);
			sourceTree = "<group>";
		};
		7CCA5CC4257134BD00F53CF2 /* Products */ = {
			isa = PBXGroup;
			children = (
				7CCA5CC3257134BD00F53CF2 /* leetcode.app */,
				7CCA5CD9257134C100F53CF2 /* leetcodeTests.xctest */,
				7CCA5CE4257134C100F53CF2 /* leetcodeUITests.xctest */,
			);
			name = Products;
			sourceTree = "<group>";
		};
		7CCA5CC5257134BD00F53CF2 /* leetcode */ = {
			isa = PBXGroup;
			children = (
				7CE7527525FD3CC2005F0B63 /* #1 */,
				7CCF66CB2635B896007B6816 /* #13 */,
				7C86FB9D26298E9000A6D969 /* #14 */,
				7CE354622603EBA600AE39B1 /* #20 */,
				7C86FBA9262B2F1300A6D969 /* #67 */,
				7CBA9AF226500FBE00553CC5 /* #74 */,
				7CFFAE0C26247708006F8364 /* #88 */,
				7CF0E01D2649A118005396A2 /* #100 */,
				7CF0E0202649CFE6005396A2 /* #101 */,
				7CE55866264C5F12009EC351 /* #110 */,
				7CE7527E25FE3391005F0B63 /* #121 */,
				7C6EC467264AF02000719C52 /* #122 */,
				7CCA5CFC2571396800F53CF2 /* #104 */,
				7CCA5D0625713A2D00F53CF2 /* #136 */,
				7C2759342643F49D00BB4557 /* #141 */,
				7CBA9AEF264FFCBE00553CC5 /* #200 */,
				7C7DF8D02602640B0001F7BE /* #206 */,
				7CC979D72639FDEB000D5A43 /* #242 */,
				7CF0E01926497C03005396A2 /* #374 */,
				7CCF66C02634A4B8007B6816 /* #387 */,
				7C275937264401C700BB4557 /* #704 */,
				7CE7528A25FE5D9F005F0B63 /* #953 */,
				7CC979DD263A052C000D5A43 /* #977 */,
				7CCA5CC6257134BD00F53CF2 /* AppDelegate.swift */,
				7CCA5CC8257134BD00F53CF2 /* SceneDelegate.swift */,
				7CCA5CCA257134BD00F53CF2 /* ViewController.swift */,
				7CCA5CCC257134BD00F53CF2 /* Main.storyboard */,
				7CCA5CCF257134C000F53CF2 /* Assets.xcassets */,
				7CCA5CD1257134C000F53CF2 /* LaunchScreen.storyboard */,
				7CCA5CD4257134C000F53CF2 /* Info.plist */,
				7CADA055262D928800CDBD57 /* String+Index.swift */,
			);
			path = leetcode;
			sourceTree = "<group>";
		};
		7CCA5CDC257134C100F53CF2 /* leetcodeTests */ = {
			isa = PBXGroup;
			children = (
				7CCA5D02257139F800F53CF2 /* #104 */,
				7CCA5CDD257134C100F53CF2 /* leetcodeTests.swift */,
				7CCA5CDF257134C100F53CF2 /* Info.plist */,
			);
			path = leetcodeTests;
			sourceTree = "<group>";
		};
		7CCA5CE7257134C100F53CF2 /* leetcodeUITests */ = {
			isa = PBXGroup;
			children = (
				7CCA5CE8257134C100F53CF2 /* leetcodeUITests.swift */,
				7CCA5CEA257134C100F53CF2 /* Info.plist */,
			);
			path = leetcodeUITests;
			sourceTree = "<group>";
		};
		7CCA5CFC2571396800F53CF2 /* #104 */ = {
			isa = PBXGroup;
			children = (
				7CCA5CFD2571398500F53CF2 /* MaximumDepthOfBinaryTree.swift */,
			);
			path = "#104";
			sourceTree = "<group>";
		};
		7CCA5D02257139F800F53CF2 /* #104 */ = {
			isa = PBXGroup;
			children = (
			);
			path = "#104";
			sourceTree = "<group>";
		};
		7CCA5D0625713A2D00F53CF2 /* #136 */ = {
			isa = PBXGroup;
			children = (
				7CF095AE25713B5300E48F1E /* SingleNumber.swift */,
			);
			path = "#136";
			sourceTree = "<group>";
		};
		7CCF66C02634A4B8007B6816 /* #387 */ = {
			isa = PBXGroup;
			children = (
				7CCF66C12634A4E6007B6816 /* FirstUniqueCharacterInString.swift */,
			);
			path = "#387";
			sourceTree = "<group>";
		};
		7CCF66CB2635B896007B6816 /* #13 */ = {
			isa = PBXGroup;
			children = (
				7CCF66CC2635B8AB007B6816 /* RomanToInteger.swift */,
			);
			path = "#13";
			sourceTree = "<group>";
		};
		7CE354622603EBA600AE39B1 /* #20 */ = {
			isa = PBXGroup;
			children = (
				7CE354632603EBC100AE39B1 /* ValidParentheses.swift */,
			);
			path = "#20";
			sourceTree = "<group>";
		};
		7CE55866264C5F12009EC351 /* #110 */ = {
			isa = PBXGroup;
			children = (
				7CE55867264C5F32009EC351 /* BalancedBinaryTree.swift */,
			);
			path = "#110";
			sourceTree = "<group>";
		};
		7CE7527525FD3CC2005F0B63 /* #1 */ = {
			isa = PBXGroup;
			children = (
				7CE7527925FD5DD5005F0B63 /* TwoSum.swift */,
			);
			path = "#1";
			sourceTree = "<group>";
		};
		7CE7527E25FE3391005F0B63 /* #121 */ = {
			isa = PBXGroup;
			children = (
				7CE7527F25FE33B4005F0B63 /* BestTimeToBuyAndSellStock.swift */,
			);
			path = "#121";
			sourceTree = "<group>";
		};
		7CE7528A25FE5D9F005F0B63 /* #953 */ = {
			isa = PBXGroup;
			children = (
				7CE7528B25FE5DB8005F0B63 /* VerifyingAnAlienDictionary.swift */,
			);
			path = "#953";
			sourceTree = "<group>";
		};
		7CF0E01926497C03005396A2 /* #374 */ = {
			isa = PBXGroup;
			children = (
				7CF0E01A26497C5D005396A2 /* GuessNumberHigherOrLower.swift */,
			);
			path = "#374";
			sourceTree = "<group>";
		};
		7CF0E01D2649A118005396A2 /* #100 */ = {
			isa = PBXGroup;
			children = (
				7CF0E01E2649A13F005396A2 /* SameTree.swift */,
			);
			path = "#100";
			sourceTree = "<group>";
		};
		7CF0E0202649CFE6005396A2 /* #101 */ = {
			isa = PBXGroup;
			children = (
				7CF0E0212649CFFD005396A2 /* SymmetricTree.swift */,
			);
			path = "#101";
			sourceTree = "<group>";
		};
		7CFFAE0C26247708006F8364 /* #88 */ = {
			isa = PBXGroup;
			children = (
				7CFFAE0D26247728006F8364 /* MergeSortedArray.swift */,
			);
			path = "#88";
			sourceTree = "<group>";
		};
/* End PBXGroup section */

/* Begin PBXNativeTarget section */
		7CCA5CC2257134BD00F53CF2 /* leetcode */ = {
			isa = PBXNativeTarget;
			buildConfigurationList = 7CCA5CED257134C100F53CF2 /* Build configuration list for PBXNativeTarget "leetcode" */;
			buildPhases = (
				7CCA5CBF257134BD00F53CF2 /* Sources */,
				7CCA5CC0257134BD00F53CF2 /* Frameworks */,
				7CCA5CC1257134BD00F53CF2 /* Resources */,
			);
			buildRules = (
			);
			dependencies = (
			);
			name = leetcode;
			productName = leetcode;
			productReference = 7CCA5CC3257134BD00F53CF2 /* leetcode.app */;
			productType = "com.apple.product-type.application";
		};
		7CCA5CD8257134C100F53CF2 /* leetcodeTests */ = {
			isa = PBXNativeTarget;
			buildConfigurationList = 7CCA5CF0257134C100F53CF2 /* Build configuration list for PBXNativeTarget "leetcodeTests" */;
			buildPhases = (
				7CCA5CD5257134C100F53CF2 /* Sources */,
				7CCA5CD6257134C100F53CF2 /* Frameworks */,
				7CCA5CD7257134C100F53CF2 /* Resources */,
			);
			buildRules = (
			);
			dependencies = (
				7CCA5CDB257134C100F53CF2 /* PBXTargetDependency */,
			);
			name = leetcodeTests;
			productName = leetcodeTests;
			productReference = 7CCA5CD9257134C100F53CF2 /* leetcodeTests.xctest */;
			productType = "com.apple.product-type.bundle.unit-test";
		};
		7CCA5CE3257134C100F53CF2 /* leetcodeUITests */ = {
			isa = PBXNativeTarget;
			buildConfigurationList = 7CCA5CF3257134C100F53CF2 /* Build configuration list for PBXNativeTarget "leetcodeUITests" */;
			buildPhases = (
				7CCA5CE0257134C100F53CF2 /* Sources */,
				7CCA5CE1257134C100F53CF2 /* Frameworks */,
				7CCA5CE2257134C100F53CF2 /* Resources */,
			);
			buildRules = (
			);
			dependencies = (
				7CCA5CE6257134C100F53CF2 /* PBXTargetDependency */,
			);
			name = leetcodeUITests;
			productName = leetcodeUITests;
			productReference = 7CCA5CE4257134C100F53CF2 /* leetcodeUITests.xctest */;
			productType = "com.apple.product-type.bundle.ui-testing";
		};
/* End PBXNativeTarget section */

/* Begin PBXProject section */
		7CCA5CBB257134BD00F53CF2 /* Project object */ = {
			isa = PBXProject;
			attributes = {
				LastSwiftUpdateCheck = 1220;
				LastUpgradeCheck = 1220;
				TargetAttributes = {
					7CCA5CC2257134BD00F53CF2 = {
						CreatedOnToolsVersion = 12.2;
					};
					7CCA5CD8257134C100F53CF2 = {
						CreatedOnToolsVersion = 12.2;
						TestTargetID = 7CCA5CC2257134BD00F53CF2;
					};
					7CCA5CE3257134C100F53CF2 = {
						CreatedOnToolsVersion = 12.2;
						TestTargetID = 7CCA5CC2257134BD00F53CF2;
					};
				};
			};
			buildConfigurationList = 7CCA5CBE257134BD00F53CF2 /* Build configuration list for PBXProject "leetcode" */;
			compatibilityVersion = "Xcode 9.3";
			developmentRegion = en;
			hasScannedForEncodings = 0;
			knownRegions = (
				en,
				Base,
			);
			mainGroup = 7CCA5CBA257134BD00F53CF2;
			productRefGroup = 7CCA5CC4257134BD00F53CF2 /* Products */;
			projectDirPath = "";
			projectRoot = "";
			targets = (
				7CCA5CC2257134BD00F53CF2 /* leetcode */,
				7CCA5CD8257134C100F53CF2 /* leetcodeTests */,
				7CCA5CE3257134C100F53CF2 /* leetcodeUITests */,
			);
		};
/* End PBXProject section */

/* Begin PBXResourcesBuildPhase section */
		7CCA5CC1257134BD00F53CF2 /* Resources */ = {
			isa = PBXResourcesBuildPhase;
			buildActionMask = 2147483647;
			files = (
				7CCA5CD3257134C000F53CF2 /* LaunchScreen.storyboard in Resources */,
				7CCA5CD0257134C000F53CF2 /* Assets.xcassets in Resources */,
				7CCA5CCE257134BD00F53CF2 /* Main.storyboard in Resources */,
			);
			runOnlyForDeploymentPostprocessing = 0;
		};
		7CCA5CD7257134C100F53CF2 /* Resources */ = {
			isa = PBXResourcesBuildPhase;
			buildActionMask = 2147483647;
			files = (
			);
			runOnlyForDeploymentPostprocessing = 0;
		};
		7CCA5CE2257134C100F53CF2 /* Resources */ = {
			isa = PBXResourcesBuildPhase;
			buildActionMask = 2147483647;
			files = (
			);
			runOnlyForDeploymentPostprocessing = 0;
		};
/* End PBXResourcesBuildPhase section */

/* Begin PBXSourcesBuildPhase section */
		7CCA5CBF257134BD00F53CF2 /* Sources */ = {
			isa = PBXSourcesBuildPhase;
			buildActionMask = 2147483647;
			files = (
				7C7DF8D2260264240001F7BE /* ReverseLinkedList.swift in Sources */,
				7CFFAE0E26247728006F8364 /* MergeSortedArray.swift in Sources */,
				7CC979D92639FE03000D5A43 /* ValidAnagram.swift in Sources */,
				7CE7528C25FE5DB8005F0B63 /* VerifyingAnAlienDictionary.swift in Sources */,
				7C275939264401DA00BB4557 /* BinarySearch.swift in Sources */,
				7C86FBAB262B2F3300A6D969 /* AddBinary.swift in Sources */,
				7CCF66C22634A4E6007B6816 /* FirstUniqueCharacterInString.swift in Sources */,
				7CE7528025FE33B4005F0B63 /* BestTimeToBuyAndSellStock.swift in Sources */,
				7CE354642603EBC100AE39B1 /* ValidParentheses.swift in Sources */,
				7CE55868264C5F32009EC351 /* BalancedBinaryTree.swift in Sources */,
				7CBA9AF1264FFCD800553CC5 /* NumberOfIslands.swift in Sources */,
				7CF0E01B26497C5D005396A2 /* GuessNumberHigherOrLower.swift in Sources */,
				7C86FB9F26298EA500A6D969 /* LongestCommonPrefix.swift in Sources */,
				7CCA5CCB257134BD00F53CF2 /* ViewController.swift in Sources */,
				7CCA5CC7257134BD00F53CF2 /* AppDelegate.swift in Sources */,
				7CF0E0222649CFFD005396A2 /* SymmetricTree.swift in Sources */,
				7CF0E01F2649A13F005396A2 /* SameTree.swift in Sources */,
				7CE7527A25FD5DD5005F0B63 /* TwoSum.swift in Sources */,
				7CC979DF263A054B000D5A43 /* SquaresOfSortedArray.swift in Sources */,
				7CF095AF25713B5300E48F1E /* SingleNumber.swift in Sources */,
				7C6EC469264AF04000719C52 /* BestTimeToBuyAndSellStockII.swift in Sources */,
				7C2759362643F4EA00BB4557 /* LinkedListCycle.swift in Sources */,
				7CCA5CFE2571398500F53CF2 /* MaximumDepthOfBinaryTree.swift in Sources */,
				7CCF66CD2635B8AB007B6816 /* RomanToInteger.swift in Sources */,
				7CCA5CC9257134BD00F53CF2 /* SceneDelegate.swift in Sources */,
				7CADA056262D928900CDBD57 /* String+Index.swift in Sources */,
				7CBA9AF426500FF100553CC5 /* Search2dMatrix.swift in Sources */,
			);
			runOnlyForDeploymentPostprocessing = 0;
		};
		7CCA5CD5257134C100F53CF2 /* Sources */ = {
			isa = PBXSourcesBuildPhase;
			buildActionMask = 2147483647;
			files = (
				7CCA5CDE257134C100F53CF2 /* leetcodeTests.swift in Sources */,
			);
			runOnlyForDeploymentPostprocessing = 0;
		};
		7CCA5CE0257134C100F53CF2 /* Sources */ = {
			isa = PBXSourcesBuildPhase;
			buildActionMask = 2147483647;
			files = (
				7CCA5CE9257134C100F53CF2 /* leetcodeUITests.swift in Sources */,
			);
			runOnlyForDeploymentPostprocessing = 0;
		};
/* End PBXSourcesBuildPhase section */

/* Begin PBXTargetDependency section */
		7CCA5CDB257134C100F53CF2 /* PBXTargetDependency */ = {
			isa = PBXTargetDependency;
			target = 7CCA5CC2257134BD00F53CF2 /* leetcode */;
			targetProxy = 7CCA5CDA257134C100F53CF2 /* PBXContainerItemProxy */;
		};
		7CCA5CE6257134C100F53CF2 /* PBXTargetDependency */ = {
			isa = PBXTargetDependency;
			target = 7CCA5CC2257134BD00F53CF2 /* leetcode */;
			targetProxy = 7CCA5CE5257134C100F53CF2 /* PBXContainerItemProxy */;
		};
/* End PBXTargetDependency section */

/* Begin PBXVariantGroup section */
		7CCA5CCC257134BD00F53CF2 /* Main.storyboard */ = {
			isa = PBXVariantGroup;
			children = (
				7CCA5CCD257134BD00F53CF2 /* Base */,
			);
			name = Main.storyboard;
			sourceTree = "<group>";
		};
		7CCA5CD1257134C000F53CF2 /* LaunchScreen.storyboard */ = {
			isa = PBXVariantGroup;
			children = (
				7CCA5CD2257134C000F53CF2 /* Base */,
			);
			name = LaunchScreen.storyboard;
			sourceTree = "<group>";
		};
/* End PBXVariantGroup section */

/* Begin XCBuildConfiguration section */
		7CCA5CEB257134C100F53CF2 /* Debug */ = {
			isa = XCBuildConfiguration;
			buildSettings = {
				ALWAYS_SEARCH_USER_PATHS = NO;
				CLANG_ANALYZER_NONNULL = YES;
				CLANG_ANALYZER_NUMBER_OBJECT_CONVERSION = YES_AGGRESSIVE;
				CLANG_CXX_LANGUAGE_STANDARD = "gnu++14";
				CLANG_CXX_LIBRARY = "libc++";
				CLANG_ENABLE_MODULES = YES;
				CLANG_ENABLE_OBJC_ARC = YES;
				CLANG_ENABLE_OBJC_WEAK = YES;
				CLANG_WARN_BLOCK_CAPTURE_AUTORELEASING = YES;
				CLANG_WARN_BOOL_CONVERSION = YES;
				CLANG_WARN_COMMA = YES;
				CLANG_WARN_CONSTANT_CONVERSION = YES;
				CLANG_WARN_DEPRECATED_OBJC_IMPLEMENTATIONS = YES;
				CLANG_WARN_DIRECT_OBJC_ISA_USAGE = YES_ERROR;
				CLANG_WARN_DOCUMENTATION_COMMENTS = YES;
				CLANG_WARN_EMPTY_BODY = YES;
				CLANG_WARN_ENUM_CONVERSION = YES;
				CLANG_WARN_INFINITE_RECURSION = YES;
				CLANG_WARN_INT_CONVERSION = YES;
				CLANG_WARN_NON_LITERAL_NULL_CONVERSION = YES;
				CLANG_WARN_OBJC_IMPLICIT_RETAIN_SELF = YES;
				CLANG_WARN_OBJC_LITERAL_CONVERSION = YES;
				CLANG_WARN_OBJC_ROOT_CLASS = YES_ERROR;
				CLANG_WARN_QUOTED_INCLUDE_IN_FRAMEWORK_HEADER = YES;
				CLANG_WARN_RANGE_LOOP_ANALYSIS = YES;
				CLANG_WARN_STRICT_PROTOTYPES = YES;
				CLANG_WARN_SUSPICIOUS_MOVE = YES;
				CLANG_WARN_UNGUARDED_AVAILABILITY = YES_AGGRESSIVE;
				CLANG_WARN_UNREACHABLE_CODE = YES;
				CLANG_WARN__DUPLICATE_METHOD_MATCH = YES;
				COPY_PHASE_STRIP = NO;
				DEBUG_INFORMATION_FORMAT = dwarf;
				ENABLE_STRICT_OBJC_MSGSEND = YES;
				ENABLE_TESTABILITY = YES;
				GCC_C_LANGUAGE_STANDARD = gnu11;
				GCC_DYNAMIC_NO_PIC = NO;
				GCC_NO_COMMON_BLOCKS = YES;
				GCC_OPTIMIZATION_LEVEL = 0;
				GCC_PREPROCESSOR_DEFINITIONS = (
					"DEBUG=1",
					"$(inherited)",
				);
				GCC_WARN_64_TO_32_BIT_CONVERSION = YES;
				GCC_WARN_ABOUT_RETURN_TYPE = YES_ERROR;
				GCC_WARN_UNDECLARED_SELECTOR = YES;
				GCC_WARN_UNINITIALIZED_AUTOS = YES_AGGRESSIVE;
				GCC_WARN_UNUSED_FUNCTION = YES;
				GCC_WARN_UNUSED_VARIABLE = YES;
				IPHONEOS_DEPLOYMENT_TARGET = 14.2;
				MTL_ENABLE_DEBUG_INFO = INCLUDE_SOURCE;
				MTL_FAST_MATH = YES;
				ONLY_ACTIVE_ARCH = YES;
				SDKROOT = iphoneos;
				SWIFT_ACTIVE_COMPILATION_CONDITIONS = DEBUG;
				SWIFT_OPTIMIZATION_LEVEL = "-Onone";
			};
			name = Debug;
		};
		7CCA5CEC257134C100F53CF2 /* Release */ = {
			isa = XCBuildConfiguration;
			buildSettings = {
				ALWAYS_SEARCH_USER_PATHS = NO;
				CLANG_ANALYZER_NONNULL = YES;
				CLANG_ANALYZER_NUMBER_OBJECT_CONVERSION = YES_AGGRESSIVE;
				CLANG_CXX_LANGUAGE_STANDARD = "gnu++14";
				CLANG_CXX_LIBRARY = "libc++";
				CLANG_ENABLE_MODULES = YES;
				CLANG_ENABLE_OBJC_ARC = YES;
				CLANG_ENABLE_OBJC_WEAK = YES;
				CLANG_WARN_BLOCK_CAPTURE_AUTORELEASING = YES;
				CLANG_WARN_BOOL_CONVERSION = YES;
				CLANG_WARN_COMMA = YES;
				CLANG_WARN_CONSTANT_CONVERSION = YES;
				CLANG_WARN_DEPRECATED_OBJC_IMPLEMENTATIONS = YES;
				CLANG_WARN_DIRECT_OBJC_ISA_USAGE = YES_ERROR;
				CLANG_WARN_DOCUMENTATION_COMMENTS = YES;
				CLANG_WARN_EMPTY_BODY = YES;
				CLANG_WARN_ENUM_CONVERSION = YES;
				CLANG_WARN_INFINITE_RECURSION = YES;
				CLANG_WARN_INT_CONVERSION = YES;
				CLANG_WARN_NON_LITERAL_NULL_CONVERSION = YES;
				CLANG_WARN_OBJC_IMPLICIT_RETAIN_SELF = YES;
				CLANG_WARN_OBJC_LITERAL_CONVERSION = YES;
				CLANG_WARN_OBJC_ROOT_CLASS = YES_ERROR;
				CLANG_WARN_QUOTED_INCLUDE_IN_FRAMEWORK_HEADER = YES;
				CLANG_WARN_RANGE_LOOP_ANALYSIS = YES;
				CLANG_WARN_STRICT_PROTOTYPES = YES;
				CLANG_WARN_SUSPICIOUS_MOVE = YES;
				CLANG_WARN_UNGUARDED_AVAILABILITY = YES_AGGRESSIVE;
				CLANG_WARN_UNREACHABLE_CODE = YES;
				CLANG_WARN__DUPLICATE_METHOD_MATCH = YES;
				COPY_PHASE_STRIP = NO;
				DEBUG_INFORMATION_FORMAT = "dwarf-with-dsym";
				ENABLE_NS_ASSERTIONS = NO;
				ENABLE_STRICT_OBJC_MSGSEND = YES;
				GCC_C_LANGUAGE_STANDARD = gnu11;
				GCC_NO_COMMON_BLOCKS = YES;
				GCC_WARN_64_TO_32_BIT_CONVERSION = YES;
				GCC_WARN_ABOUT_RETURN_TYPE = YES_ERROR;
				GCC_WARN_UNDECLARED_SELECTOR = YES;
				GCC_WARN_UNINITIALIZED_AUTOS = YES_AGGRESSIVE;
				GCC_WARN_UNUSED_FUNCTION = YES;
				GCC_WARN_UNUSED_VARIABLE = YES;
				IPHONEOS_DEPLOYMENT_TARGET = 14.2;
				MTL_ENABLE_DEBUG_INFO = NO;
				MTL_FAST_MATH = YES;
				SDKROOT = iphoneos;
				SWIFT_COMPILATION_MODE = wholemodule;
				SWIFT_OPTIMIZATION_LEVEL = "-O";
				VALIDATE_PRODUCT = YES;
			};
			name = Release;
		};
		7CCA5CEE257134C100F53CF2 /* Debug */ = {
			isa = XCBuildConfiguration;
			buildSettings = {
				ASSETCATALOG_COMPILER_APPICON_NAME = AppIcon;
				ASSETCATALOG_COMPILER_GLOBAL_ACCENT_COLOR_NAME = AccentColor;
				CODE_SIGN_STYLE = Automatic;
				DEVELOPMENT_TEAM = PJVLDB56N4;
				INFOPLIST_FILE = leetcode/Info.plist;
				LD_RUNPATH_SEARCH_PATHS = (
					"$(inherited)",
					"@executable_path/Frameworks",
				);
				PRODUCT_BUNDLE_IDENTIFIER = com.wooffamily.leetcode;
				PRODUCT_NAME = "$(TARGET_NAME)";
				SWIFT_VERSION = 5.0;
				TARGETED_DEVICE_FAMILY = "1,2";
			};
			name = Debug;
		};
		7CCA5CEF257134C100F53CF2 /* Release */ = {
			isa = XCBuildConfiguration;
			buildSettings = {
				ASSETCATALOG_COMPILER_APPICON_NAME = AppIcon;
				ASSETCATALOG_COMPILER_GLOBAL_ACCENT_COLOR_NAME = AccentColor;
				CODE_SIGN_STYLE = Automatic;
				DEVELOPMENT_TEAM = PJVLDB56N4;
				INFOPLIST_FILE = leetcode/Info.plist;
				LD_RUNPATH_SEARCH_PATHS = (
					"$(inherited)",
					"@executable_path/Frameworks",
				);
				PRODUCT_BUNDLE_IDENTIFIER = com.wooffamily.leetcode;
				PRODUCT_NAME = "$(TARGET_NAME)";
				SWIFT_VERSION = 5.0;
				TARGETED_DEVICE_FAMILY = "1,2";
			};
			name = Release;
		};
		7CCA5CF1257134C100F53CF2 /* Debug */ = {
			isa = XCBuildConfiguration;
			buildSettings = {
				ALWAYS_EMBED_SWIFT_STANDARD_LIBRARIES = YES;
				BUNDLE_LOADER = "$(TEST_HOST)";
				CODE_SIGN_STYLE = Automatic;
				DEVELOPMENT_TEAM = PJVLDB56N4;
				INFOPLIST_FILE = leetcodeTests/Info.plist;
				IPHONEOS_DEPLOYMENT_TARGET = 14.2;
				LD_RUNPATH_SEARCH_PATHS = (
					"$(inherited)",
					"@executable_path/Frameworks",
					"@loader_path/Frameworks",
				);
				PRODUCT_BUNDLE_IDENTIFIER = com.wooffamily.leetcodeTests;
				PRODUCT_NAME = "$(TARGET_NAME)";
				SWIFT_VERSION = 5.0;
				TARGETED_DEVICE_FAMILY = "1,2";
				TEST_HOST = "$(BUILT_PRODUCTS_DIR)/leetcode.app/leetcode";
			};
			name = Debug;
		};
		7CCA5CF2257134C100F53CF2 /* Release */ = {
			isa = XCBuildConfiguration;
			buildSettings = {
				ALWAYS_EMBED_SWIFT_STANDARD_LIBRARIES = YES;
				BUNDLE_LOADER = "$(TEST_HOST)";
				CODE_SIGN_STYLE = Automatic;
				DEVELOPMENT_TEAM = PJVLDB56N4;
				INFOPLIST_FILE = leetcodeTests/Info.plist;
				IPHONEOS_DEPLOYMENT_TARGET = 14.2;
				LD_RUNPATH_SEARCH_PATHS = (
					"$(inherited)",
					"@executable_path/Frameworks",
					"@loader_path/Frameworks",
				);
				PRODUCT_BUNDLE_IDENTIFIER = com.wooffamily.leetcodeTests;
				PRODUCT_NAME = "$(TARGET_NAME)";
				SWIFT_VERSION = 5.0;
				TARGETED_DEVICE_FAMILY = "1,2";
				TEST_HOST = "$(BUILT_PRODUCTS_DIR)/leetcode.app/leetcode";
			};
			name = Release;
		};
		7CCA5CF4257134C100F53CF2 /* Debug */ = {
			isa = XCBuildConfiguration;
			buildSettings = {
				ALWAYS_EMBED_SWIFT_STANDARD_LIBRARIES = YES;
				CODE_SIGN_STYLE = Automatic;
				DEVELOPMENT_TEAM = PJVLDB56N4;
				INFOPLIST_FILE = leetcodeUITests/Info.plist;
				LD_RUNPATH_SEARCH_PATHS = (
					"$(inherited)",
					"@executable_path/Frameworks",
					"@loader_path/Frameworks",
				);
				PRODUCT_BUNDLE_IDENTIFIER = com.wooffamily.leetcodeUITests;
				PRODUCT_NAME = "$(TARGET_NAME)";
				SWIFT_VERSION = 5.0;
				TARGETED_DEVICE_FAMILY = "1,2";
				TEST_TARGET_NAME = leetcode;
			};
			name = Debug;
		};
		7CCA5CF5257134C100F53CF2 /* Release */ = {
			isa = XCBuildConfiguration;
			buildSettings = {
				ALWAYS_EMBED_SWIFT_STANDARD_LIBRARIES = YES;
				CODE_SIGN_STYLE = Automatic;
				DEVELOPMENT_TEAM = PJVLDB56N4;
				INFOPLIST_FILE = leetcodeUITests/Info.plist;
				LD_RUNPATH_SEARCH_PATHS = (
					"$(inherited)",
					"@executable_path/Frameworks",
					"@loader_path/Frameworks",
				);
				PRODUCT_BUNDLE_IDENTIFIER = com.wooffamily.leetcodeUITests;
				PRODUCT_NAME = "$(TARGET_NAME)";
				SWIFT_VERSION = 5.0;
				TARGETED_DEVICE_FAMILY = "1,2";
				TEST_TARGET_NAME = leetcode;
			};
			name = Release;
		};
/* End XCBuildConfiguration section */

/* Begin XCConfigurationList section */
		7CCA5CBE257134BD00F53CF2 /* Build configuration list for PBXProject "leetcode" */ = {
			isa = XCConfigurationList;
			buildConfigurations = (
				7CCA5CEB257134C100F53CF2 /* Debug */,
				7CCA5CEC257134C100F53CF2 /* Release */,
			);
			defaultConfigurationIsVisible = 0;
			defaultConfigurationName = Release;
		};
		7CCA5CED257134C100F53CF2 /* Build configuration list for PBXNativeTarget "leetcode" */ = {
			isa = XCConfigurationList;
			buildConfigurations = (
				7CCA5CEE257134C100F53CF2 /* Debug */,
				7CCA5CEF257134C100F53CF2 /* Release */,
			);
			defaultConfigurationIsVisible = 0;
			defaultConfigurationName = Release;
		};
		7CCA5CF0257134C100F53CF2 /* Build configuration list for PBXNativeTarget "leetcodeTests" */ = {
			isa = XCConfigurationList;
			buildConfigurations = (
				7CCA5CF1257134C100F53CF2 /* Debug */,
				7CCA5CF2257134C100F53CF2 /* Release */,
			);
			defaultConfigurationIsVisible = 0;
			defaultConfigurationName = Release;
		};
		7CCA5CF3257134C100F53CF2 /* Build configuration list for PBXNativeTarget "leetcodeUITests" */ = {
			isa = XCConfigurationList;
			buildConfigurations = (
				7CCA5CF4257134C100F53CF2 /* Debug */,
				7CCA5CF5257134C100F53CF2 /* Release */,
			);
			defaultConfigurationIsVisible = 0;
			defaultConfigurationName = Release;
		};
/* End XCConfigurationList section */
	};
	rootObject = 7CCA5CBB257134BD00F53CF2 /* Project object */;
}
